[[package]]
name = "asgiref"
version = "3.5.2"
requires_python = ">=3.7"
summary = "ASGI specs, helper code, and adapters"

[[package]]
name = "django"
version = "4.0.5"
requires_python = ">=3.8"
summary = "A high-level Python web framework that encourages rapid development and clean, pragmatic design."
dependencies = [
    "asgiref<4,>=3.4.1",
    "sqlparse>=0.2.2",
    "tzdata; sys_platform == \"win32\"",
]

[[package]]
name = "flake8"
version = "4.0.1"
requires_python = ">=3.6"
summary = "the modular source code checker: pep8 pyflakes and co"
dependencies = [
    "mccabe<0.7.0,>=0.6.0",
    "pycodestyle<2.9.0,>=2.8.0",
    "pyflakes<2.5.0,>=2.4.0",
]

[[package]]
name = "mccabe"
version = "0.6.1"
summary = "McCabe checker, plugin for flake8"

[[package]]
name = "pycodestyle"
version = "2.8.0"
requires_python = ">=2.7, !=3.0.*, !=3.1.*, !=3.2.*, !=3.3.*, !=3.4.*"
summary = "Python style guide checker"

[[package]]
name = "pyflakes"
version = "2.4.0"
requires_python = ">=2.7, !=3.0.*, !=3.1.*, !=3.2.*, !=3.3.*"
summary = "passive checker of Python programs"

[[package]]
name = "sqlparse"
version = "0.4.2"
requires_python = ">=3.5"
summary = "A non-validating SQL parser."

[[package]]
name = "tzdata"
version = "2022.1"
requires_python = ">=2"
summary = "Provider of IANA time zone data"

[metadata]
lock_version = "3.1"
content_hash = "sha256:bc0f65293e6cb7ac0b1cf52389a0cf0c55f6f9c2748e2b3ef99783e41b58ee97"

[metadata.files]
"asgiref 3.5.2" = [
    {file = "asgiref-3.5.2-py3-none-any.whl", hash = "sha256:1d2880b792ae8757289136f1db2b7b99100ce959b2aa57fd69dab783d05afac4"},
    {file = "asgiref-3.5.2.tar.gz", hash = "sha256:4a29362a6acebe09bf1d6640db38c1dc3d9217c68e6f9f6204d72667fc19a424"},
]
"django 4.0.5" = [
    {file = "Django-4.0.5-py3-none-any.whl", hash = "sha256:502ae42b6ab1b612c933fb50d5ff850facf858a4c212f76946ecd8ea5b3bf2d9"},
    {file = "Django-4.0.5.tar.gz", hash = "sha256:f7431a5de7277966f3785557c3928433347d998c1e6459324501378a291e5aab"},
]
"flake8 4.0.1" = [
    {file = "flake8-4.0.1-py2.py3-none-any.whl", hash = "sha256:479b1304f72536a55948cb40a32dce8bb0ffe3501e26eaf292c7e60eb5e0428d"},
    {file = "flake8-4.0.1.tar.gz", hash = "sha256:806e034dda44114815e23c16ef92f95c91e4c71100ff52813adf7132a6ad870d"},
]
"mccabe 0.6.1" = [
    {file = "mccabe-0.6.1-py2.py3-none-any.whl", hash = "sha256:ab8a6258860da4b6677da4bd2fe5dc2c659cff31b3ee4f7f5d64e79735b80d42"},
    {file = "mccabe-0.6.1.tar.gz", hash = "sha256:dd8d182285a0fe56bace7f45b5e7d1a6ebcbf524e8f3bd87eb0f125271b8831f"},
]
"pycodestyle 2.8.0" = [
    {file = "pycodestyle-2.8.0-py2.py3-none-any.whl", hash = "sha256:720f8b39dde8b293825e7ff02c475f3077124006db4f440dcbc9a20b76548a20"},
    {file = "pycodestyle-2.8.0.tar.gz", hash = "sha256:eddd5847ef438ea1c7870ca7eb78a9d47ce0cdb4851a5523949f2601d0cbbe7f"},
]
"pyflakes 2.4.0" = [
    {file = "pyflakes-2.4.0-py2.py3-none-any.whl", hash = "sha256:3bb3a3f256f4b7968c9c788781e4ff07dce46bdf12339dcda61053375426ee2e"},
    {file = "pyflakes-2.4.0.tar.gz", hash = "sha256:05a85c2872edf37a4ed30b0cce2f6093e1d0581f8c19d7393122da7e25b2b24c"},
]
"sqlparse 0.4.2" = [
    {file = "sqlparse-0.4.2-py3-none-any.whl", hash = "sha256:48719e356bb8b42991bdbb1e8b83223757b93789c00910a616a071910ca4a64d"},
    {file = "sqlparse-0.4.2.tar.gz", hash = "sha256:0c00730c74263a94e5a9919ade150dfc3b19c574389985446148402998287dae"},
]
"tzdata 2022.1" = [
    {file = "tzdata-2022.1-py2.py3-none-any.whl", hash = "sha256:238e70234214138ed7b4e8a0fab0e5e13872edab3be586ab8198c407620e2ab9"},
    {file = "tzdata-2022.1.tar.gz", hash = "sha256:8b536a8ec63dc0751342b3984193a3118f8fca2afe25752bb9b7fffd398552d3"},
]
